
Microsoft Visual Studio Solution File, Format Version 12.00
# Visual Studio Version 16
VisualStudioVersion = 16.0.30517.126
MinimumVisualStudioVersion = 10.0.40219.1
Project("{9A19103F-16F7-4668-BE54-9A1E7A4F7556}") = "ConsoleApp1", "ConsoleApp1\ConsoleApp1.csproj", "{C6A2FEF4-7210-4EE2-B3C5-B228F5D722C5}"
EndProject
Project("{9A19103F-16F7-4668-BE54-9A1E7A4F7556}") = "XUnitTestProject1", "XUnitTestProject1\XUnitTestProject1.csproj", "{1A032290-58F3-4021-81CA-C8F68EEB4535}"
EndProject
Project("{FAE04EC0-301F-11D3-BF4B-00C04F79EFBC}") = "WebApplication1", "WebApplication1\WebApplication1.csproj", "{6C9C0F80-2450-4F8A-AE47-489C7E23A9DD}"
EndProject
Global
	GlobalSection(SolutionConfigurationPlatforms) = preSolution
		Debug|Any CPU = Debug|Any CPU
		Release|Any CPU = Release|Any CPU
	EndGlobalSection
	GlobalSection(ProjectConfigurationPlatforms) = postSolution
		{C6A2FEF4-7210-4EE2-B3C5-B228F5D722C5}.Debug|Any CPU.ActiveCfg = Debug|Any CPU
		{C6A2FEF4-7210-4EE2-B3C5-B228F5D722C5}.Debug|Any CPU.Build.0 = Debug|Any CPU
		{C6A2FEF4-7210-4EE2-B3C5-B228F5D722C5}.Release|Any CPU.ActiveCfg = Release|Any CPU
		{C6A2FEF4-7210-4EE2-B3C5-B228F5D722C5}.Release|Any CPU.Build.0 = Release|Any CPU
		{1A032290-58F3-4021-81CA-C8F68EEB4535}.Debug|Any CPU.ActiveCfg = Debug|Any CPU
		{1A032290-58F3-4021-81CA-C8F68EEB4535}.Debug|Any CPU.Build.0 = Debug|Any CPU
		{1A032290-58F3-4021-81CA-C8F68EEB4535}.Release|Any CPU.ActiveCfg = Release|Any CPU
		{1A032290-58F3-4021-81CA-C8F68EEB4535}.Release|Any CPU.Build.0 = Release|Any CPU
		{6C9C0F80-2450-4F8A-AE47-489C7E23A9DD}.Debug|Any CPU.ActiveCfg = Debug|Any CPU
		{6C9C0F80-2450-4F8A-AE47-489C7E23A9DD}.Debug|Any CPU.Build.0 = Debug|Any CPU
		{6C9C0F80-2450-4F8A-AE47-489C7E23A9DD}.Release|Any CPU.ActiveCfg = Release|Any CPU
		{6C9C0F80-2450-4F8A-AE47-489C7E23A9DD}.Release|Any CPU.Build.0 = Release|Any CPU
	EndGlobalSection
	GlobalSection(SolutionProperties) = preSolution
		HideSolutionNode = FALSE
	EndGlobalSection
	GlobalSection(ExtensibilityGlobals) = postSolution
		SolutionGuid = {E508261E-0BB8-44B8-B00A-F59E03AE571C}
	EndGlobalSection
EndGlobal
